
Microsoft Visual Studio Solution File, Format Version 12.00
# Visual Studio Version 16
VisualStudioVersion = 16.0.29324.140
MinimumVisualStudioVersion = 10.0.40219.1
Project("{FAE04EC0-301F-11D3-BF4B-00C04F79EFBC}") = "wfaExempleDocumentation", "wfaExempleDocumentation\wfaExempleDocumentation.csproj", "{FF541FFB-9968-44F3-AD74-F9A68E12CD51}"
EndProject
Project("{FAE04EC0-301F-11D3-BF4B-00C04F79EFBC}") = "ClassExample1.Apps", "wfaExempleDocumentation\ClassExample1.Apps\ClassExample1.Apps.csproj", "{8BDE709A-1A68-4F20-B1C6-B06408297631}"
EndProject
Project("{FAE04EC0-301F-11D3-BF4B-00C04F79EFBC}") = "ExampleDocumentation.Domain", "ExampleDocumentation.Domain\ExampleDocumentation.Domain.csproj", "{7AA94E7C-5275-4AE2-8C14-8B39954D9E4E}"
EndProject
Global
	GlobalSection(SolutionConfigurationPlatforms) = preSolution
		Debug|Any CPU = Debug|Any CPU
		Release|Any CPU = Release|Any CPU
	EndGlobalSection
	GlobalSection(ProjectConfigurationPlatforms) = postSolution
		{FF541FFB-9968-44F3-AD74-F9A68E12CD51}.Debug|Any CPU.ActiveCfg = Debug|Any CPU
		{FF541FFB-9968-44F3-AD74-F9A68E12CD51}.Debug|Any CPU.Build.0 = Debug|Any CPU
		{FF541FFB-9968-44F3-AD74-F9A68E12CD51}.Release|Any CPU.ActiveCfg = Release|Any CPU
		{FF541FFB-9968-44F3-AD74-F9A68E12CD51}.Release|Any CPU.Build.0 = Release|Any CPU
		{8BDE709A-1A68-4F20-B1C6-B06408297631}.Debug|Any CPU.ActiveCfg = Debug|Any CPU
		{8BDE709A-1A68-4F20-B1C6-B06408297631}.Debug|Any CPU.Build.0 = Debug|Any CPU
		{8BDE709A-1A68-4F20-B1C6-B06408297631}.Release|Any CPU.ActiveCfg = Release|Any CPU
		{8BDE709A-1A68-4F20-B1C6-B06408297631}.Release|Any CPU.Build.0 = Release|Any CPU
		{7AA94E7C-5275-4AE2-8C14-8B39954D9E4E}.Debug|Any CPU.ActiveCfg = Debug|Any CPU
		{7AA94E7C-5275-4AE2-8C14-8B39954D9E4E}.Debug|Any CPU.Build.0 = Debug|Any CPU
		{7AA94E7C-5275-4AE2-8C14-8B39954D9E4E}.Release|Any CPU.ActiveCfg = Release|Any CPU
		{7AA94E7C-5275-4AE2-8C14-8B39954D9E4E}.Release|Any CPU.Build.0 = Release|Any CPU
	EndGlobalSection
	GlobalSection(SolutionProperties) = preSolution
		HideSolutionNode = FALSE
	EndGlobalSection
	GlobalSection(ExtensibilityGlobals) = postSolution
		SolutionGuid = {A28DD219-545E-45CE-8998-6F8429DB0A77}
	EndGlobalSection
EndGlobal
